<Solution>
  <!-- Spot.Brix.slnx
       Generated by CodeBrix Develop: a CodeBrix.Platform application with
       everything that builds with the plain .NET SDK on Linux, macOS and Windows. -->
  <Project Path="src/Spot.Brix.UI/Spot.Brix.UI.shproj" />
  <Project Path="src/libs/Spot.Brix.Game/Spot.Brix.Game.csproj" />
  <Project Path="src/Spot.Brix.Core/Spot.Brix.Core.csproj" />
  <Project Path="src/Spot.Brix.LinuxX11/Spot.Brix.LinuxX11.csproj" />
  <Project Path="src/Spot.Brix.MacOS/Spot.Brix.MacOS.csproj" />
  <Project Path="src/Spot.Brix.Win32Skia/Spot.Brix.Win32Skia.csproj" />
</Solution>
