<Solution>
  <!-- GpuRender.slnx
       Generated by CodeBrix Develop: a CodeBrix.Platform application with
       everything that builds with the plain .NET SDK on Linux, macOS and Windows. -->
  <Project Path="src/GpuRender.UI/GpuRender.UI.shproj" />
  <Project Path="src/libs/GpuRender.Game/GpuRender.Game.csproj" />
  <Folder Name="/GameEngine/">
    <Project Path="../../src/CodeBrix.Platform.GameEngine.Host/CodeBrix.Platform.GameEngine.Host.csproj" />
    <Project Path="../../src/CodeBrix.Platform.GameEngine/CodeBrix.Platform.GameEngine.csproj" />
  </Folder>
  <Project Path="src/GpuRender.Core/GpuRender.Core.csproj" />
  <Project Path="src/GpuRender.LinuxX11/GpuRender.LinuxX11.csproj" />
  <Project Path="src/GpuRender.MacOS/GpuRender.MacOS.csproj" />
  <Project Path="src/GpuRender.Win32Skia/GpuRender.Win32Skia.csproj" />
</Solution>
