<Solution>
  <!-- CoordinateTest.slnx
       Generated by CodeBrix Develop: a CodeBrix.Platform application with
       everything that builds with the plain .NET SDK on Linux, macOS and Windows. -->
  <Project Path="src/CoordinateTest.UI/CoordinateTest.UI.shproj" />
  <Project Path="src/CoordinateTest.Core/CoordinateTest.Core.csproj" />
  <Project Path="src/CoordinateTest.LinuxX11/CoordinateTest.LinuxX11.csproj" />
  <Project Path="src/CoordinateTest.MacOS/CoordinateTest.MacOS.csproj" />
  <Project Path="src/CoordinateTest.Win32Skia/CoordinateTest.Win32Skia.csproj" />
</Solution>
