<Solution>
  <!-- CardsAndDiceDemo.slnx
       Generated by CodeBrix Develop: a CodeBrix.Platform application with
       everything that builds with the plain .NET SDK on Linux, macOS and Windows. -->
  <Project Path="src/CardsAndDiceDemo.UI/CardsAndDiceDemo.UI.shproj" />
  <Project Path="src/libs/CardsAndDiceDemo.Game/CardsAndDiceDemo.Game.csproj" />
  <Project Path="src/CardsAndDiceDemo.Core/CardsAndDiceDemo.Core.csproj" />
  <Project Path="src/CardsAndDiceDemo.LinuxX11/CardsAndDiceDemo.LinuxX11.csproj" />
  <Project Path="src/CardsAndDiceDemo.MacOS/CardsAndDiceDemo.MacOS.csproj" />
  <Project Path="src/CardsAndDiceDemo.Win32Skia/CardsAndDiceDemo.Win32Skia.csproj" />
</Solution>
