<Solution>
  <!-- ParticleTest.slnx
       Generated by CodeBrix Develop: a CodeBrix.Platform application with
       everything that builds with the plain .NET SDK on Linux, macOS and Windows. -->
  <Project Path="src/ParticleTest.UI/ParticleTest.UI.shproj" />
  <Project Path="src/libs/ParticleTest.Game/ParticleTest.Game.csproj" />
  <Project Path="src/ParticleTest.Core/ParticleTest.Core.csproj" />
  <Project Path="src/ParticleTest.LinuxX11/ParticleTest.LinuxX11.csproj" />
  <Project Path="src/ParticleTest.MacOS/ParticleTest.MacOS.csproj" />
  <Project Path="src/ParticleTest.Win32Skia/ParticleTest.Win32Skia.csproj" />
</Solution>
