<Solution>
  <!-- Slider.slnx
       Generated by CodeBrix Develop: a CodeBrix.Platform application with
       everything that builds with the plain .NET SDK on Linux, macOS and Windows. -->
  <Project Path="src/Slider.UI/Slider.UI.shproj" />
  <Project Path="src/libs/Slider.Game/Slider.Game.csproj" />
  <Project Path="src/Slider.Core/Slider.Core.csproj" />
  <Project Path="src/Slider.LinuxX11/Slider.LinuxX11.csproj" />
  <Project Path="src/Slider.MacOS/Slider.MacOS.csproj" />
  <Project Path="src/Slider.Win32Skia/Slider.Win32Skia.csproj" />
</Solution>
