<Solution>
  <!-- MusicDemo.slnx
       Generated by CodeBrix Develop: a CodeBrix.Platform application with
       everything that builds with the plain .NET SDK on Linux, macOS and Windows. -->
  <Project Path="src/MusicDemo.UI/MusicDemo.UI.shproj" />
  <Project Path="src/libs/MusicDemo.Game/MusicDemo.Game.csproj" />
  <Folder Name="/GameEngine/">
    <Project Path="../../src/CodeBrix.Platform.GameEngine.Host/CodeBrix.Platform.GameEngine.Host.csproj" />
    <Project Path="../../src/CodeBrix.Platform.GameEngine/CodeBrix.Platform.GameEngine.csproj" />
  </Folder>
  <Project Path="src/MusicDemo.Core/MusicDemo.Core.csproj" />
  <Project Path="src/MusicDemo.LinuxX11/MusicDemo.LinuxX11.csproj" />
  <Project Path="src/MusicDemo.MacOS/MusicDemo.MacOS.csproj" />
  <Project Path="src/MusicDemo.Win32Skia/MusicDemo.Win32Skia.csproj" />
</Solution>
