<Solution>
  <!-- SoftRender.slnx
       Generated by CodeBrix Develop: a CodeBrix.Platform application with
       everything that builds with the plain .NET SDK on Linux, macOS and Windows. -->
  <Project Path="src/SoftRender.UI/SoftRender.UI.shproj" />
  <Project Path="src/libs/SoftRender.Game/SoftRender.Game.csproj" />
  <Project Path="src/SoftRender.Core/SoftRender.Core.csproj" />
  <Project Path="src/SoftRender.LinuxX11/SoftRender.LinuxX11.csproj" />
  <Project Path="src/SoftRender.MacOS/SoftRender.MacOS.csproj" />
  <Project Path="src/SoftRender.Win32Skia/SoftRender.Win32Skia.csproj" />
</Solution>
